// !$*UTF8*$!
{
	archiveVersion = 1;
	classes = {
	};
	objectVersion = 50;
	objects = {

/* Begin PBXBuildFile section */
		AED8141C248E953700D8230A /* AppDelegate.swift in Sources */ = {isa = PBXBuildFile; fileRef = AED8141B248E953700D8230A /* AppDelegate.swift */; };
		AED8141E248E953700D8230A /* SceneDelegate.swift in Sources */ = {isa = PBXBuildFile; fileRef = AED8141D248E953700D8230A /* SceneDelegate.swift */; };
		AED81423248E953700D8230A /* Main.storyboard in Resources */ = {isa = PBXBuildFile; fileRef = AED81421248E953700D8230A /* Main.storyboard */; };
		AED81426248E953700D8230A /* toDoList.xcdatamodeld in Sources */ = {isa = PBXBuildFile; fileRef = AED81424248E953700D8230A /* toDoList.xcdatamodeld */; };
		AED81428248E953E00D8230A /* Assets.xcassets in Resources */ = {isa = PBXBuildFile; fileRef = AED81427248E953E00D8230A /* Assets.xcassets */; };
		AED8142B248E953E00D8230A /* LaunchScreen.storyboard in Resources */ = {isa = PBXBuildFile; fileRef = AED81429248E953E00D8230A /* LaunchScreen.storyboard */; };
		AED81436248E953E00D8230A /* toDoListTests.swift in Sources */ = {isa = PBXBuildFile; fileRef = AED81435248E953E00D8230A /* toDoListTests.swift */; };
		AED81441248E953E00D8230A /* toDoListUITests.swift in Sources */ = {isa = PBXBuildFile; fileRef = AED81440248E953E00D8230A /* toDoListUITests.swift */; };
		AED8144F248E990800D8230A /* ToDoTableViewController.swift in Sources */ = {isa = PBXBuildFile; fileRef = AED8144E248E990800D8230A /* ToDoTableViewController.swift */; };
		AED81451248E99BA00D8230A /* ToDo.swift in Sources */ = {isa = PBXBuildFile; fileRef = AED81450248E99BA00D8230A /* ToDo.swift */; };
/* End PBXBuildFile section */

/* Begin PBXContainerItemProxy section */
		AED81432248E953E00D8230A /* PBXContainerItemProxy */ = {
			isa = PBXContainerItemProxy;
			containerPortal = AED81410248E953700D8230A /* Project object */;
			proxyType = 1;
			remoteGlobalIDString = AED81417248E953700D8230A;
			remoteInfo = toDoList;
		};
		AED8143D248E953E00D8230A /* PBXContainerItemProxy */ = {
			isa = PBXContainerItemProxy;
			containerPortal = AED81410248E953700D8230A /* Project object */;
			proxyType = 1;
			remoteGlobalIDString = AED81417248E953700D8230A;
			remoteInfo = toDoList;
		};
/* End PBXContainerItemProxy section */

/* Begin PBXFileReference section */
		AED81418248E953700D8230A /* toDoList.app */ = {isa = PBXFileReference; explicitFileType = wrapper.application; includeInIndex = 0; path = toDoList.app; sourceTree = BUILT_PRODUCTS_DIR; };
		AED8141B248E953700D8230A /* AppDelegate.swift */ = {isa = PBXFileReference; lastKnownFileType = sourcecode.swift; path = AppDelegate.swift; sourceTree = "<group>"; };
		AED8141D248E953700D8230A /* SceneDelegate.swift */ = {isa = PBXFileReference; lastKnownFileType = sourcecode.swift; path = SceneDelegate.swift; sourceTree = "<group>"; };
		AED81422248E953700D8230A /* Base */ = {isa = PBXFileReference; lastKnownFileType = file.storyboard; name = Base; path = Base.lproj/Main.storyboard; sourceTree = "<group>"; };
		AED81425248E953700D8230A /* toDoList.xcdatamodel */ = {isa = PBXFileReference; lastKnownFileType = wrapper.xcdatamodel; path = toDoList.xcdatamodel; sourceTree = "<group>"; };
		AED81427248E953E00D8230A /* Assets.xcassets */ = {isa = PBXFileReference; lastKnownFileType = folder.assetcatalog; path = Assets.xcassets; sourceTree = "<group>"; };
		AED8142A248E953E00D8230A /* Base */ = {isa = PBXFileReference; lastKnownFileType = file.storyboard; name = Base; path = Base.lproj/LaunchScreen.storyboard; sourceTree = "<group>"; };
		AED8142C248E953E00D8230A /* Info.plist */ = {isa = PBXFileReference; lastKnownFileType = text.plist.xml; path = Info.plist; sourceTree = "<group>"; };
		AED81431248E953E00D8230A /* toDoListTests.xctest */ = {isa = PBXFileReference; explicitFileType = wrapper.cfbundle; includeInIndex = 0; path = toDoListTests.xctest; sourceTree = BUILT_PRODUCTS_DIR; };
		AED81435248E953E00D8230A /* toDoListTests.swift */ = {isa = PBXFileReference; lastKnownFileType = sourcecode.swift; path = toDoListTests.swift; sourceTree = "<group>"; };
		AED81437248E953E00D8230A /* Info.plist */ = {isa = PBXFileReference; lastKnownFileType = text.plist.xml; path = Info.plist; sourceTree = "<group>"; };
		AED8143C248E953E00D8230A /* toDoListUITests.xctest */ = {isa = PBXFileReference; explicitFileType = wrapper.cfbundle; includeInIndex = 0; path = toDoListUITests.xctest; sourceTree = BUILT_PRODUCTS_DIR; };
		AED81440248E953E00D8230A /* toDoListUITests.swift */ = {isa = PBXFileReference; lastKnownFileType = sourcecode.swift; path = toDoListUITests.swift; sourceTree = "<group>"; };
		AED81442248E953E00D8230A /* Info.plist */ = {isa = PBXFileReference; lastKnownFileType = text.plist.xml; path = Info.plist; sourceTree = "<group>"; };
		AED8144E248E990800D8230A /* ToDoTableViewController.swift */ = {isa = PBXFileReference; lastKnownFileType = sourcecode.swift; path = ToDoTableViewController.swift; sourceTree = "<group>"; };
		AED81450248E99BA00D8230A /* ToDo.swift */ = {isa = PBXFileReference; lastKnownFileType = sourcecode.swift; path = ToDo.swift; sourceTree = "<group>"; };
/* End PBXFileReference section */

/* Begin PBXFrameworksBuildPhase section */
		AED81415248E953700D8230A /* Frameworks */ = {
			isa = PBXFrameworksBuildPhase;
			buildActionMask = 2147483647;
			files = (
			);
			runOnlyForDeploymentPostprocessing = 0;
		};
		AED8142E248E953E00D8230A /* Frameworks */ = {
			isa = PBXFrameworksBuildPhase;
			buildActionMask = 2147483647;
			files = (
			);
			runOnlyForDeploymentPostprocessing = 0;
		};
		AED81439248E953E00D8230A /* Frameworks */ = {
			isa = PBXFrameworksBuildPhase;
			buildActionMask = 2147483647;
			files = (
			);
			runOnlyForDeploymentPostprocessing = 0;
		};
/* End PBXFrameworksBuildPhase section */

/* Begin PBXGroup section */
		AED8140F248E953700D8230A = {
			isa = PBXGroup;
			children = (
				AED8141A248E953700D8230A /* toDoList */,
				AED81434248E953E00D8230A /* toDoListTests */,
				AED8143F248E953E00D8230A /* toDoListUITests */,
				AED81419248E953700D8230A /* Products */,
			);
			sourceTree = "<group>";
		};
		AED81419248E953700D8230A /* Products */ = {
			isa = PBXGroup;
			children = (
				AED81418248E953700D8230A /* toDoList.app */,
				AED81431248E953E00D8230A /* toDoListTests.xctest */,
				AED8143C248E953E00D8230A /* toDoListUITests.xctest */,
			);
			name = Products;
			sourceTree = "<group>";
		};
		AED8141A248E953700D8230A /* toDoList */ = {
			isa = PBXGroup;
			children = (
				AED8141B248E953700D8230A /* AppDelegate.swift */,
				AED8141D248E953700D8230A /* SceneDelegate.swift */,
				AED81421248E953700D8230A /* Main.storyboard */,
				AED81450248E99BA00D8230A /* ToDo.swift */,
				AED8144E248E990800D8230A /* ToDoTableViewController.swift */,
				AED81427248E953E00D8230A /* Assets.xcassets */,
				AED81429248E953E00D8230A /* LaunchScreen.storyboard */,
				AED8142C248E953E00D8230A /* Info.plist */,
				AED81424248E953700D8230A /* toDoList.xcdatamodeld */,
			);
			path = toDoList;
			sourceTree = "<group>";
		};
		AED81434248E953E00D8230A /* toDoListTests */ = {
			isa = PBXGroup;
			children = (
				AED81435248E953E00D8230A /* toDoListTests.swift */,
				AED81437248E953E00D8230A /* Info.plist */,
			);
			path = toDoListTests;
			sourceTree = "<group>";
		};
		AED8143F248E953E00D8230A /* toDoListUITests */ = {
			isa = PBXGroup;
			children = (
				AED81440248E953E00D8230A /* toDoListUITests.swift */,
				AED81442248E953E00D8230A /* Info.plist */,
			);
			path = toDoListUITests;
			sourceTree = "<group>";
		};
/* End PBXGroup section */

/* Begin PBXNativeTarget section */
		AED81417248E953700D8230A /* toDoList */ = {
			isa = PBXNativeTarget;
			buildConfigurationList = AED81445248E953E00D8230A /* Build configuration list for PBXNativeTarget "toDoList" */;
			buildPhases = (
				AED81414248E953700D8230A /* Sources */,
				AED81415248E953700D8230A /* Frameworks */,
				AED81416248E953700D8230A /* Resources */,
			);
			buildRules = (
			);
			dependencies = (
			);
			name = toDoList;
			productName = toDoList;
			productReference = AED81418248E953700D8230A /* toDoList.app */;
			productType = "com.apple.product-type.application";
		};
		AED81430248E953E00D8230A /* toDoListTests */ = {
			isa = PBXNativeTarget;
			buildConfigurationList = AED81448248E953E00D8230A /* Build configuration list for PBXNativeTarget "toDoListTests" */;
			buildPhases = (
				AED8142D248E953E00D8230A /* Sources */,
				AED8142E248E953E00D8230A /* Frameworks */,
				AED8142F248E953E00D8230A /* Resources */,
			);
			buildRules = (
			);
			dependencies = (
				AED81433248E953E00D8230A /* PBXTargetDependency */,
			);
			name = toDoListTests;
			productName = toDoListTests;
			productReference = AED81431248E953E00D8230A /* toDoListTests.xctest */;
			productType = "com.apple.product-type.bundle.unit-test";
		};
		AED8143B248E953E00D8230A /* toDoListUITests */ = {
			isa = PBXNativeTarget;
			buildConfigurationList = AED8144B248E953E00D8230A /* Build configuration list for PBXNativeTarget "toDoListUITests" */;
			buildPhases = (
				AED81438248E953E00D8230A /* Sources */,
				AED81439248E953E00D8230A /* Frameworks */,
				AED8143A248E953E00D8230A /* Resources */,
			);
			buildRules = (
			);
			dependencies = (
				AED8143E248E953E00D8230A /* PBXTargetDependency */,
			);
			name = toDoListUITests;
			productName = toDoListUITests;
			productReference = AED8143C248E953E00D8230A /* toDoListUITests.xctest */;
			productType = "com.apple.product-type.bundle.ui-testing";
		};
/* End PBXNativeTarget section */

/* Begin PBXProject section */
		AED81410248E953700D8230A /* Project object */ = {
			isa = PBXProject;
			attributes = {
				LastSwiftUpdateCheck = 1150;
				LastUpgradeCheck = 1150;
				ORGANIZATIONNAME = "Anika Naga";
				TargetAttributes = {
					AED81417248E953700D8230A = {
						CreatedOnToolsVersion = 11.5;
					};
					AED81430248E953E00D8230A = {
						CreatedOnToolsVersion = 11.5;
						TestTargetID = AED81417248E953700D8230A;
					};
					AED8143B248E953E00D8230A = {
						CreatedOnToolsVersion = 11.5;
						TestTargetID = AED81417248E953700D8230A;
					};
				};
			};
			buildConfigurationList = AED81413248E953700D8230A /* Build configuration list for PBXProject "toDoList" */;
			compatibilityVersion = "Xcode 9.3";
			developmentRegion = en;
			hasScannedForEncodings = 0;
			knownRegions = (
				en,
				Base,
			);
			mainGroup = AED8140F248E953700D8230A;
			productRefGroup = AED81419248E953700D8230A /* Products */;
			projectDirPath = "";
			projectRoot = "";
			targets = (
				AED81417248E953700D8230A /* toDoList */,
				AED81430248E953E00D8230A /* toDoListTests */,
				AED8143B248E953E00D8230A /* toDoListUITests */,
			);
		};
/* End PBXProject section */

/* Begin PBXResourcesBuildPhase section */
		AED81416248E953700D8230A /* Resources */ = {
			isa = PBXResourcesBuildPhase;
			buildActionMask = 2147483647;
			files = (
				AED8142B248E953E00D8230A /* LaunchScreen.storyboard in Resources */,
				AED81428248E953E00D8230A /* Assets.xcassets in Resources */,
				AED81423248E953700D8230A /* Main.storyboard in Resources */,
			);
			runOnlyForDeploymentPostprocessing = 0;
		};
		AED8142F248E953E00D8230A /* Resources */ = {
			isa = PBXResourcesBuildPhase;
			buildActionMask = 2147483647;
			files = (
			);
			runOnlyForDeploymentPostprocessing = 0;
		};
		AED8143A248E953E00D8230A /* Resources */ = {
			isa = PBXResourcesBuildPhase;
			buildActionMask = 2147483647;
			files = (
			);
			runOnlyForDeploymentPostprocessing = 0;
		};
/* End PBXResourcesBuildPhase section */

/* Begin PBXSourcesBuildPhase section */
		AED81414248E953700D8230A /* Sources */ = {
			isa = PBXSourcesBuildPhase;
			buildActionMask = 2147483647;
			files = (
				AED8141C248E953700D8230A /* AppDelegate.swift in Sources */,
				AED81451248E99BA00D8230A /* ToDo.swift in Sources */,
				AED8144F248E990800D8230A /* ToDoTableViewController.swift in Sources */,
				AED8141E248E953700D8230A /* SceneDelegate.swift in Sources */,
				AED81426248E953700D8230A /* toDoList.xcdatamodeld in Sources */,
			);
			runOnlyForDeploymentPostprocessing = 0;
		};
		AED8142D248E953E00D8230A /* Sources */ = {
			isa = PBXSourcesBuildPhase;
			buildActionMask = 2147483647;
			files = (
				AED81436248E953E00D8230A /* toDoListTests.swift in Sources */,
			);
			runOnlyForDeploymentPostprocessing = 0;
		};
		AED81438248E953E00D8230A /* Sources */ = {
			isa = PBXSourcesBuildPhase;
			buildActionMask = 2147483647;
			files = (
				AED81441248E953E00D8230A /* toDoListUITests.swift in Sources */,
			);
			runOnlyForDeploymentPostprocessing = 0;
		};
/* End PBXSourcesBuildPhase section */

/* Begin PBXTargetDependency section */
		AED81433248E953E00D8230A /* PBXTargetDependency */ = {
			isa = PBXTargetDependency;
			target = AED81417248E953700D8230A /* toDoList */;
			targetProxy = AED81432248E953E00D8230A /* PBXContainerItemProxy */;
		};
		AED8143E248E953E00D8230A /* PBXTargetDependency */ = {
			isa = PBXTargetDependency;
			target = AED81417248E953700D8230A /* toDoList */;
			targetProxy = AED8143D248E953E00D8230A /* PBXContainerItemProxy */;
		};
/* End PBXTargetDependency section */

/* Begin PBXVariantGroup section */
		AED81421248E953700D8230A /* Main.storyboard */ = {
			isa = PBXVariantGroup;
			children = (
				AED81422248E953700D8230A /* Base */,
			);
			name = Main.storyboard;
			sourceTree = "<group>";
		};
		AED81429248E953E00D8230A /* LaunchScreen.storyboard */ = {
			isa = PBXVariantGroup;
			children = (
				AED8142A248E953E00D8230A /* Base */,
			);
			name = LaunchScreen.storyboard;
			sourceTree = "<group>";
		};
/* End PBXVariantGroup section */

/* Begin XCBuildConfiguration section */
		AED81443248E953E00D8230A /* Debug */ = {
			isa = XCBuildConfiguration;
			buildSettings = {
				ALWAYS_SEARCH_USER_PATHS = NO;
				CLANG_ANALYZER_NONNULL = YES;
				CLANG_ANALYZER_NUMBER_OBJECT_CONVERSION = YES_AGGRESSIVE;
				CLANG_CXX_LANGUAGE_STANDARD = "gnu++14";
				CLANG_CXX_LIBRARY = "libc++";
				CLANG_ENABLE_MODULES = YES;
				CLANG_ENABLE_OBJC_ARC = YES;
				CLANG_ENABLE_OBJC_WEAK = YES;
				CLANG_WARN_BLOCK_CAPTURE_AUTORELEASING = YES;
				CLANG_WARN_BOOL_CONVERSION = YES;
				CLANG_WARN_COMMA = YES;
				CLANG_WARN_CONSTANT_CONVERSION = YES;
				CLANG_WARN_DEPRECATED_OBJC_IMPLEMENTATIONS = YES;
				CLANG_WARN_DIRECT_OBJC_ISA_USAGE = YES_ERROR;
				CLANG_WARN_DOCUMENTATION_COMMENTS = YES;
				CLANG_WARN_EMPTY_BODY = YES;
				CLANG_WARN_ENUM_CONVERSION = YES;
				CLANG_WARN_INFINITE_RECURSION = YES;
				CLANG_WARN_INT_CONVERSION = YES;
				CLANG_WARN_NON_LITERAL_NULL_CONVERSION = YES;
				CLANG_WARN_OBJC_IMPLICIT_RETAIN_SELF = YES;
				CLANG_WARN_OBJC_LITERAL_CONVERSION = YES;
				CLANG_WARN_OBJC_ROOT_CLASS = YES_ERROR;
				CLANG_WARN_RANGE_LOOP_ANALYSIS = YES;
				CLANG_WARN_STRICT_PROTOTYPES = YES;
				CLANG_WARN_SUSPICIOUS_MOVE = YES;
				CLANG_WARN_UNGUARDED_AVAILABILITY = YES_AGGRESSIVE;
				CLANG_WARN_UNREACHABLE_CODE = YES;
				CLANG_WARN__DUPLICATE_METHOD_MATCH = YES;
				COPY_PHASE_STRIP = NO;
				DEBUG_INFORMATION_FORMAT = dwarf;
				ENABLE_STRICT_OBJC_MSGSEND = YES;
				ENABLE_TESTABILITY = YES;
				GCC_C_LANGUAGE_STANDARD = gnu11;
				GCC_DYNAMIC_NO_PIC = NO;
				GCC_NO_COMMON_BLOCKS = YES;
				GCC_OPTIMIZATION_LEVEL = 0;
				GCC_PREPROCESSOR_DEFINITIONS = (
					"DEBUG=1",
					"$(inherited)",
				);
				GCC_WARN_64_TO_32_BIT_CONVERSION = YES;
				GCC_WARN_ABOUT_RETURN_TYPE = YES_ERROR;
				GCC_WARN_UNDECLARED_SELECTOR = YES;
				GCC_WARN_UNINITIALIZED_AUTOS = YES_AGGRESSIVE;
				GCC_WARN_UNUSED_FUNCTION = YES;
				GCC_WARN_UNUSED_VARIABLE = YES;
				IPHONEOS_DEPLOYMENT_TARGET = 13.5;
				MTL_ENABLE_DEBUG_INFO = INCLUDE_SOURCE;
				MTL_FAST_MATH = YES;
				ONLY_ACTIVE_ARCH = YES;
				SDKROOT = iphoneos;
				SWIFT_ACTIVE_COMPILATION_CONDITIONS = DEBUG;
				SWIFT_OPTIMIZATION_LEVEL = "-Onone";
			};
			name = Debug;
		};
		AED81444248E953E00D8230A /* Release */ = {
			isa = XCBuildConfiguration;
			buildSettings = {
				ALWAYS_SEARCH_USER_PATHS = NO;
				CLANG_ANALYZER_NONNULL = YES;
				CLANG_ANALYZER_NUMBER_OBJECT_CONVERSION = YES_AGGRESSIVE;
				CLANG_CXX_LANGUAGE_STANDARD = "gnu++14";
				CLANG_CXX_LIBRARY = "libc++";
				CLANG_ENABLE_MODULES = YES;
				CLANG_ENABLE_OBJC_ARC = YES;
				CLANG_ENABLE_OBJC_WEAK = YES;
				CLANG_WARN_BLOCK_CAPTURE_AUTORELEASING = YES;
				CLANG_WARN_BOOL_CONVERSION = YES;
				CLANG_WARN_COMMA = YES;
				CLANG_WARN_CONSTANT_CONVERSION = YES;
				CLANG_WARN_DEPRECATED_OBJC_IMPLEMENTATIONS = YES;
				CLANG_WARN_DIRECT_OBJC_ISA_USAGE = YES_ERROR;
				CLANG_WARN_DOCUMENTATION_COMMENTS = YES;
				CLANG_WARN_EMPTY_BODY = YES;
				CLANG_WARN_ENUM_CONVERSION = YES;
				CLANG_WARN_INFINITE_RECURSION = YES;
				CLANG_WARN_INT_CONVERSION = YES;
				CLANG_WARN_NON_LITERAL_NULL_CONVERSION = YES;
				CLANG_WARN_OBJC_IMPLICIT_RETAIN_SELF = YES;
				CLANG_WARN_OBJC_LITERAL_CONVERSION = YES;
				CLANG_WARN_OBJC_ROOT_CLASS = YES_ERROR;
				CLANG_WARN_RANGE_LOOP_ANALYSIS = YES;
				CLANG_WARN_STRICT_PROTOTYPES = YES;
				CLANG_WARN_SUSPICIOUS_MOVE = YES;
				CLANG_WARN_UNGUARDED_AVAILABILITY = YES_AGGRESSIVE;
				CLANG_WARN_UNREACHABLE_CODE = YES;
				CLANG_WARN__DUPLICATE_METHOD_MATCH = YES;
				COPY_PHASE_STRIP = NO;
				DEBUG_INFORMATION_FORMAT = "dwarf-with-dsym";
				ENABLE_NS_ASSERTIONS = NO;
				ENABLE_STRICT_OBJC_MSGSEND = YES;
				GCC_C_LANGUAGE_STANDARD = gnu11;
				GCC_NO_COMMON_BLOCKS = YES;
				GCC_WARN_64_TO_32_BIT_CONVERSION = YES;
				GCC_WARN_ABOUT_RETURN_TYPE = YES_ERROR;
				GCC_WARN_UNDECLARED_SELECTOR = YES;
				GCC_WARN_UNINITIALIZED_AUTOS = YES_AGGRESSIVE;
				GCC_WARN_UNUSED_FUNCTION = YES;
				GCC_WARN_UNUSED_VARIABLE = YES;
				IPHONEOS_DEPLOYMENT_TARGET = 13.5;
				MTL_ENABLE_DEBUG_INFO = NO;
				MTL_FAST_MATH = YES;
				SDKROOT = iphoneos;
				SWIFT_COMPILATION_MODE = wholemodule;
				SWIFT_OPTIMIZATION_LEVEL = "-O";
				VALIDATE_PRODUCT = YES;
			};
			name = Release;
		};
		AED81446248E953E00D8230A /* Debug */ = {
			isa = XCBuildConfiguration;
			buildSettings = {
				ASSETCATALOG_COMPILER_APPICON_NAME = AppIcon;
				CODE_SIGN_STYLE = Automatic;
				INFOPLIST_FILE = toDoList/Info.plist;
				LD_RUNPATH_SEARCH_PATHS = (
					"$(inherited)",
					"@executable_path/Frameworks",
				);
				PRODUCT_BUNDLE_IDENTIFIER = anika.toDoList;
				PRODUCT_NAME = "$(TARGET_NAME)";
				SWIFT_VERSION = 5.0;
				TARGETED_DEVICE_FAMILY = "1,2";
			};
			name = Debug;
		};
		AED81447248E953E00D8230A /* Release */ = {
			isa = XCBuildConfiguration;
			buildSettings = {
				ASSETCATALOG_COMPILER_APPICON_NAME = AppIcon;
				CODE_SIGN_STYLE = Automatic;
				INFOPLIST_FILE = toDoList/Info.plist;
				LD_RUNPATH_SEARCH_PATHS = (
					"$(inherited)",
					"@executable_path/Frameworks",
				);
				PRODUCT_BUNDLE_IDENTIFIER = anika.toDoList;
				PRODUCT_NAME = "$(TARGET_NAME)";
				SWIFT_VERSION = 5.0;
				TARGETED_DEVICE_FAMILY = "1,2";
			};
			name = Release;
		};
		AED81449248E953E00D8230A /* Debug */ = {
			isa = XCBuildConfiguration;
			buildSettings = {
				ALWAYS_EMBED_SWIFT_STANDARD_LIBRARIES = YES;
				BUNDLE_LOADER = "$(TEST_HOST)";
				CODE_SIGN_STYLE = Automatic;
				INFOPLIST_FILE = toDoListTests/Info.plist;
				IPHONEOS_DEPLOYMENT_TARGET = 13.5;
				LD_RUNPATH_SEARCH_PATHS = (
					"$(inherited)",
					"@executable_path/Frameworks",
					"@loader_path/Frameworks",
				);
				PRODUCT_BUNDLE_IDENTIFIER = anika.toDoListTests;
				PRODUCT_NAME = "$(TARGET_NAME)";
				SWIFT_VERSION = 5.0;
				TARGETED_DEVICE_FAMILY = "1,2";
				TEST_HOST = "$(BUILT_PRODUCTS_DIR)/toDoList.app/toDoList";
			};
			name = Debug;
		};
		AED8144A248E953E00D8230A /* Release */ = {
			isa = XCBuildConfiguration;
			buildSettings = {
				ALWAYS_EMBED_SWIFT_STANDARD_LIBRARIES = YES;
				BUNDLE_LOADER = "$(TEST_HOST)";
				CODE_SIGN_STYLE = Automatic;
				INFOPLIST_FILE = toDoListTests/Info.plist;
				IPHONEOS_DEPLOYMENT_TARGET = 13.5;
				LD_RUNPATH_SEARCH_PATHS = (
					"$(inherited)",
					"@executable_path/Frameworks",
					"@loader_path/Frameworks",
				);
				PRODUCT_BUNDLE_IDENTIFIER = anika.toDoListTests;
				PRODUCT_NAME = "$(TARGET_NAME)";
				SWIFT_VERSION = 5.0;
				TARGETED_DEVICE_FAMILY = "1,2";
				TEST_HOST = "$(BUILT_PRODUCTS_DIR)/toDoList.app/toDoList";
			};
			name = Release;
		};
		AED8144C248E953E00D8230A /* Debug */ = {
			isa = XCBuildConfiguration;
			buildSettings = {
				ALWAYS_EMBED_SWIFT_STANDARD_LIBRARIES = YES;
				CODE_SIGN_STYLE = Automatic;
				INFOPLIST_FILE = toDoListUITests/Info.plist;
				LD_RUNPATH_SEARCH_PATHS = (
					"$(inherited)",
					"@executable_path/Frameworks",
					"@loader_path/Frameworks",
				);
				PRODUCT_BUNDLE_IDENTIFIER = anika.toDoListUITests;
				PRODUCT_NAME = "$(TARGET_NAME)";
				SWIFT_VERSION = 5.0;
				TARGETED_DEVICE_FAMILY = "1,2";
				TEST_TARGET_NAME = toDoList;
			};
			name = Debug;
		};
		AED8144D248E953E00D8230A /* Release */ = {
			isa = XCBuildConfiguration;
			buildSettings = {
				ALWAYS_EMBED_SWIFT_STANDARD_LIBRARIES = YES;
				CODE_SIGN_STYLE = Automatic;
				INFOPLIST_FILE = toDoListUITests/Info.plist;
				LD_RUNPATH_SEARCH_PATHS = (
					"$(inherited)",
					"@executable_path/Frameworks",
					"@loader_path/Frameworks",
				);
				PRODUCT_BUNDLE_IDENTIFIER = anika.toDoListUITests;
				PRODUCT_NAME = "$(TARGET_NAME)";
				SWIFT_VERSION = 5.0;
				TARGETED_DEVICE_FAMILY = "1,2";
				TEST_TARGET_NAME = toDoList;
			};
			name = Release;
		};
/* End XCBuildConfiguration section */

/* Begin XCConfigurationList section */
		AED81413248E953700D8230A /* Build configuration list for PBXProject "toDoList" */ = {
			isa = XCConfigurationList;
			buildConfigurations = (
				AED81443248E953E00D8230A /* Debug */,
				AED81444248E953E00D8230A /* Release */,
			);
			defaultConfigurationIsVisible = 0;
			defaultConfigurationName = Release;
		};
		AED81445248E953E00D8230A /* Build configuration list for PBXNativeTarget "toDoList" */ = {
			isa = XCConfigurationList;
			buildConfigurations = (
				AED81446248E953E00D8230A /* Debug */,
				AED81447248E953E00D8230A /* Release */,
			);
			defaultConfigurationIsVisible = 0;
			defaultConfigurationName = Release;
		};
		AED81448248E953E00D8230A /* Build configuration list for PBXNativeTarget "toDoListTests" */ = {
			isa = XCConfigurationList;
			buildConfigurations = (
				AED81449248E953E00D8230A /* Debug */,
				AED8144A248E953E00D8230A /* Release */,
			);
			defaultConfigurationIsVisible = 0;
			defaultConfigurationName = Release;
		};
		AED8144B248E953E00D8230A /* Build configuration list for PBXNativeTarget "toDoListUITests" */ = {
			isa = XCConfigurationList;
			buildConfigurations = (
				AED8144C248E953E00D8230A /* Debug */,
				AED8144D248E953E00D8230A /* Release */,
			);
			defaultConfigurationIsVisible = 0;
			defaultConfigurationName = Release;
		};
/* End XCConfigurationList section */

/* Begin XCVersionGroup section */
		AED81424248E953700D8230A /* toDoList.xcdatamodeld */ = {
			isa = XCVersionGroup;
			children = (
				AED81425248E953700D8230A /* toDoList.xcdatamodel */,
			);
			currentVersion = AED81425248E953700D8230A /* toDoList.xcdatamodel */;
			path = toDoList.xcdatamodeld;
			sourceTree = "<group>";
			versionGroupType = wrapper.xcdatamodel;
		};
/* End XCVersionGroup section */
	};
	rootObject = AED81410248E953700D8230A /* Project object */;
}
